
Microsoft Visual Studio Solution File, Format Version 12.00
# Visual Studio 2012
Project("{FAE04EC0-301F-11D3-BF4B-00C04F79EFBC}") = "XFNotification", "XFNotification\XFNotification.csproj", "{1BADDD11-3E11-4157-AD61-0C2A96BE7465}"
EndProject
Project("{FAE04EC0-301F-11D3-BF4B-00C04F79EFBC}") = "XFNotification.iOS", "iOS\XFNotification.iOS.csproj", "{B2239370-6563-414B-9168-8F53CC67AD24}"
EndProject
Project("{FAE04EC0-301F-11D3-BF4B-00C04F79EFBC}") = "XFNotification.Droid", "Droid\XFNotification.Droid.csproj", "{557BD1EA-931B-4814-A804-0C15A7795542}"
EndProject
Global
	GlobalSection(SolutionConfigurationPlatforms) = preSolution
		Debug|Any CPU = Debug|Any CPU
		Release|Any CPU = Release|Any CPU
		Debug|iPhoneSimulator = Debug|iPhoneSimulator
		Release|iPhoneSimulator = Release|iPhoneSimulator
		Debug|iPhone = Debug|iPhone
		Release|iPhone = Release|iPhone
		Ad-Hoc|iPhone = Ad-Hoc|iPhone
		AppStore|iPhone = AppStore|iPhone
	EndGlobalSection
	GlobalSection(ProjectConfigurationPlatforms) = postSolution
		{1BADDD11-3E11-4157-AD61-0C2A96BE7465}.Ad-Hoc|iPhone.ActiveCfg = Debug|Any CPU
		{1BADDD11-3E11-4157-AD61-0C2A96BE7465}.Ad-Hoc|iPhone.Build.0 = Debug|Any CPU
		{1BADDD11-3E11-4157-AD61-0C2A96BE7465}.AppStore|iPhone.ActiveCfg = Debug|Any CPU
		{1BADDD11-3E11-4157-AD61-0C2A96BE7465}.AppStore|iPhone.Build.0 = Debug|Any CPU
		{1BADDD11-3E11-4157-AD61-0C2A96BE7465}.Debug|Any CPU.ActiveCfg = Debug|Any CPU
		{1BADDD11-3E11-4157-AD61-0C2A96BE7465}.Debug|Any CPU.Build.0 = Debug|Any CPU
		{1BADDD11-3E11-4157-AD61-0C2A96BE7465}.Debug|iPhone.ActiveCfg = Debug|Any CPU
		{1BADDD11-3E11-4157-AD61-0C2A96BE7465}.Debug|iPhone.Build.0 = Debug|Any CPU
		{1BADDD11-3E11-4157-AD61-0C2A96BE7465}.Debug|iPhoneSimulator.ActiveCfg = Debug|Any CPU
		{1BADDD11-3E11-4157-AD61-0C2A96BE7465}.Debug|iPhoneSimulator.Build.0 = Debug|Any CPU
		{1BADDD11-3E11-4157-AD61-0C2A96BE7465}.Release|Any CPU.ActiveCfg = Release|Any CPU
		{1BADDD11-3E11-4157-AD61-0C2A96BE7465}.Release|Any CPU.Build.0 = Release|Any CPU
		{1BADDD11-3E11-4157-AD61-0C2A96BE7465}.Release|iPhone.ActiveCfg = Release|Any CPU
		{1BADDD11-3E11-4157-AD61-0C2A96BE7465}.Release|iPhone.Build.0 = Release|Any CPU
		{1BADDD11-3E11-4157-AD61-0C2A96BE7465}.Release|iPhoneSimulator.ActiveCfg = Release|Any CPU
		{1BADDD11-3E11-4157-AD61-0C2A96BE7465}.Release|iPhoneSimulator.Build.0 = Release|Any CPU
		{557BD1EA-931B-4814-A804-0C15A7795542}.Ad-Hoc|iPhone.ActiveCfg = Release|Any CPU
		{557BD1EA-931B-4814-A804-0C15A7795542}.Ad-Hoc|iPhone.Build.0 = Release|Any CPU
		{557BD1EA-931B-4814-A804-0C15A7795542}.AppStore|iPhone.ActiveCfg = Release|Any CPU
		{557BD1EA-931B-4814-A804-0C15A7795542}.AppStore|iPhone.Build.0 = Release|Any CPU
		{557BD1EA-931B-4814-A804-0C15A7795542}.Debug|Any CPU.ActiveCfg = Debug|Any CPU
		{557BD1EA-931B-4814-A804-0C15A7795542}.Debug|Any CPU.Build.0 = Debug|Any CPU
		{557BD1EA-931B-4814-A804-0C15A7795542}.Debug|iPhone.ActiveCfg = Debug|Any CPU
		{557BD1EA-931B-4814-A804-0C15A7795542}.Debug|iPhone.Build.0 = Debug|Any CPU
		{557BD1EA-931B-4814-A804-0C15A7795542}.Debug|iPhoneSimulator.ActiveCfg = Debug|Any CPU
		{557BD1EA-931B-4814-A804-0C15A7795542}.Debug|iPhoneSimulator.Build.0 = Debug|Any CPU
		{557BD1EA-931B-4814-A804-0C15A7795542}.Release|Any CPU.ActiveCfg = Release|Any CPU
		{557BD1EA-931B-4814-A804-0C15A7795542}.Release|Any CPU.Build.0 = Release|Any CPU
		{557BD1EA-931B-4814-A804-0C15A7795542}.Release|iPhone.ActiveCfg = Release|Any CPU
		{557BD1EA-931B-4814-A804-0C15A7795542}.Release|iPhone.Build.0 = Release|Any CPU
		{557BD1EA-931B-4814-A804-0C15A7795542}.Release|iPhoneSimulator.ActiveCfg = Release|Any CPU
		{557BD1EA-931B-4814-A804-0C15A7795542}.Release|iPhoneSimulator.Build.0 = Release|Any CPU
		{B2239370-6563-414B-9168-8F53CC67AD24}.Ad-Hoc|iPhone.ActiveCfg = Ad-Hoc|iPhone
		{B2239370-6563-414B-9168-8F53CC67AD24}.Ad-Hoc|iPhone.Build.0 = Ad-Hoc|iPhone
		{B2239370-6563-414B-9168-8F53CC67AD24}.AppStore|iPhone.ActiveCfg = AppStore|iPhone
		{B2239370-6563-414B-9168-8F53CC67AD24}.AppStore|iPhone.Build.0 = AppStore|iPhone
		{B2239370-6563-414B-9168-8F53CC67AD24}.Debug|Any CPU.ActiveCfg = Debug|iPhoneSimulator
		{B2239370-6563-414B-9168-8F53CC67AD24}.Debug|Any CPU.Build.0 = Debug|iPhoneSimulator
		{B2239370-6563-414B-9168-8F53CC67AD24}.Debug|iPhone.ActiveCfg = Debug|iPhone
		{B2239370-6563-414B-9168-8F53CC67AD24}.Debug|iPhone.Build.0 = Debug|iPhone
		{B2239370-6563-414B-9168-8F53CC67AD24}.Debug|iPhoneSimulator.ActiveCfg = Debug|iPhoneSimulator
		{B2239370-6563-414B-9168-8F53CC67AD24}.Debug|iPhoneSimulator.Build.0 = Debug|iPhoneSimulator
		{B2239370-6563-414B-9168-8F53CC67AD24}.Release|Any CPU.ActiveCfg = Release|iPhoneSimulator
		{B2239370-6563-414B-9168-8F53CC67AD24}.Release|Any CPU.Build.0 = Release|iPhoneSimulator
		{B2239370-6563-414B-9168-8F53CC67AD24}.Release|iPhone.ActiveCfg = Release|iPhone
		{B2239370-6563-414B-9168-8F53CC67AD24}.Release|iPhone.Build.0 = Release|iPhone
		{B2239370-6563-414B-9168-8F53CC67AD24}.Release|iPhoneSimulator.ActiveCfg = Release|iPhoneSimulator
		{B2239370-6563-414B-9168-8F53CC67AD24}.Release|iPhoneSimulator.Build.0 = Release|iPhoneSimulator
	EndGlobalSection
EndGlobal
